
Microsoft Visual Studio Solution File, Format Version 12.00
# Visual Studio Version 17
VisualStudioVersion = 17.0.31903.59
MinimumVisualStudioVersion = 10.0.40219.1
Project("{FAE04EC0-301F-11D3-BF4B-00C04F79EFBC}") = "ApiGateway", "ApiGateway\ApiGateway.csproj", "{5B82AFF4-76E4-4AC1-8A47-7ACE8325A614}"
EndProject
Project("{FAE04EC0-301F-11D3-BF4B-00C04F79EFBC}") = "OrderService", "OrderService\OrderService.csproj", "{C8B77287-6E07-418E-8A0D-D518CD202FAB}"
EndProject
Project("{FAE04EC0-301F-11D3-BF4B-00C04F79EFBC}") = "UserService", "UserService\UserService.csproj", "{857A7A50-3376-4A10-B5CD-B2C220F070A4}"
EndProject
Global
	GlobalSection(SolutionConfigurationPlatforms) = preSolution
		Debug|Any CPU = Debug|Any CPU
		Release|Any CPU = Release|Any CPU
	EndGlobalSection
	GlobalSection(SolutionProperties) = preSolution
		HideSolutionNode = FALSE
	EndGlobalSection
	GlobalSection(ProjectConfigurationPlatforms) = postSolution
		{5B82AFF4-76E4-4AC1-8A47-7ACE8325A614}.Debug|Any CPU.ActiveCfg = Debug|Any CPU
		{5B82AFF4-76E4-4AC1-8A47-7ACE8325A614}.Debug|Any CPU.Build.0 = Debug|Any CPU
		{5B82AFF4-76E4-4AC1-8A47-7ACE8325A614}.Release|Any CPU.ActiveCfg = Release|Any CPU
		{5B82AFF4-76E4-4AC1-8A47-7ACE8325A614}.Release|Any CPU.Build.0 = Release|Any CPU
		{C8B77287-6E07-418E-8A0D-D518CD202FAB}.Debug|Any CPU.ActiveCfg = Debug|Any CPU
		{C8B77287-6E07-418E-8A0D-D518CD202FAB}.Debug|Any CPU.Build.0 = Debug|Any CPU
		{C8B77287-6E07-418E-8A0D-D518CD202FAB}.Release|Any CPU.ActiveCfg = Release|Any CPU
		{C8B77287-6E07-418E-8A0D-D518CD202FAB}.Release|Any CPU.Build.0 = Release|Any CPU
		{857A7A50-3376-4A10-B5CD-B2C220F070A4}.Debug|Any CPU.ActiveCfg = Debug|Any CPU
		{857A7A50-3376-4A10-B5CD-B2C220F070A4}.Debug|Any CPU.Build.0 = Debug|Any CPU
		{857A7A50-3376-4A10-B5CD-B2C220F070A4}.Release|Any CPU.ActiveCfg = Release|Any CPU
		{857A7A50-3376-4A10-B5CD-B2C220F070A4}.Release|Any CPU.Build.0 = Release|Any CPU
	EndGlobalSection
EndGlobal
